// !$*UTF8*$!
{
	archiveVersion = 1;
	classes = {
	};
	objectVersion = 46;
	objects = {

/* Begin PBXBuildFile section */
		50CB5A5D1D7DC798009D1C82 /* AppDelegate.swift in Sources */ = {isa = PBXBuildFile; fileRef = 50CB5A5C1D7DC798009D1C82 /* AppDelegate.swift */; };
		50CB5A5F1D7DC798009D1C82 /* ViewController.swift in Sources */ = {isa = PBXBuildFile; fileRef = 50CB5A5E1D7DC798009D1C82 /* ViewController.swift */; };
		50CB5A621D7DC798009D1C82 /* Main.storyboard in Resources */ = {isa = PBXBuildFile; fileRef = 50CB5A601D7DC798009D1C82 /* Main.storyboard */; };
		50CB5A641D7DC798009D1C82 /* Assets.xcassets in Resources */ = {isa = PBXBuildFile; fileRef = 50CB5A631D7DC798009D1C82 /* Assets.xcassets */; };
		50CB5A671D7DC798009D1C82 /* LaunchScreen.storyboard in Resources */ = {isa = PBXBuildFile; fileRef = 50CB5A651D7DC798009D1C82 /* LaunchScreen.storyboard */; };
/* End PBXBuildFile section */

/* Begin PBXFileReference section */
		50CB5A591D7DC798009D1C82 /* HKLayoutKit.app */ = {isa = PBXFileReference; explicitFileType = wrapper.application; includeInIndex = 0; path = HKLayoutKit.app; sourceTree = BUILT_PRODUCTS_DIR; };
		50CB5A5C1D7DC798009D1C82 /* AppDelegate.swift */ = {isa = PBXFileReference; lastKnownFileType = sourcecode.swift; path = AppDelegate.swift; sourceTree = "<group>"; };
		50CB5A5E1D7DC798009D1C82 /* ViewController.swift */ = {isa = PBXFileReference; lastKnownFileType = sourcecode.swift; path = ViewController.swift; sourceTree = "<group>"; };
		50CB5A611D7DC798009D1C82 /* Base */ = {isa = PBXFileReference; lastKnownFileType = file.storyboard; name = Base; path = Base.lproj/Main.storyboard; sourceTree = "<group>"; };
		50CB5A631D7DC798009D1C82 /* Assets.xcassets */ = {isa = PBXFileReference; lastKnownFileType = folder.assetcatalog; path = Assets.xcassets; sourceTree = "<group>"; };
		50CB5A661D7DC798009D1C82 /* Base */ = {isa = PBXFileReference; lastKnownFileType = file.storyboard; name = Base; path = Base.lproj/LaunchScreen.storyboard; sourceTree = "<group>"; };
		50CB5A681D7DC798009D1C82 /* Info.plist */ = {isa = PBXFileReference; lastKnownFileType = text.plist.xml; path = Info.plist; sourceTree = "<group>"; };
/* End PBXFileReference section */

/* Begin PBXFrameworksBuildPhase section */
		50CB5A561D7DC798009D1C82 /* Frameworks */ = {
			isa = PBXFrameworksBuildPhase;
			buildActionMask = 2147483647;
			files = (
			);
			runOnlyForDeploymentPostprocessing = 0;
		};
/* End PBXFrameworksBuildPhase section */

/* Begin PBXGroup section */
		50CB5A501D7DC798009D1C82 = {
			isa = PBXGroup;
			children = (
				50CB5A5B1D7DC798009D1C82 /* HKLayoutKit */,
				50CB5A5A1D7DC798009D1C82 /* Products */,
			);
			sourceTree = "<group>";
		};
		50CB5A5A1D7DC798009D1C82 /* Products */ = {
			isa = PBXGroup;
			children = (
				50CB5A591D7DC798009D1C82 /* HKLayoutKit.app */,
			);
			name = Products;
			sourceTree = "<group>";
		};
		50CB5A5B1D7DC798009D1C82 /* HKLayoutKit */ = {
			isa = PBXGroup;
			children = (
				50CB5A5C1D7DC798009D1C82 /* AppDelegate.swift */,
				50CB5A5E1D7DC798009D1C82 /* ViewController.swift */,
				50CB5A601D7DC798009D1C82 /* Main.storyboard */,
				50CB5A631D7DC798009D1C82 /* Assets.xcassets */,
				50CB5A651D7DC798009D1C82 /* LaunchScreen.storyboard */,
				50CB5A681D7DC798009D1C82 /* Info.plist */,
			);
			path = HKLayoutKit;
			sourceTree = "<group>";
		};
/* End PBXGroup section */

/* Begin PBXNativeTarget section */
		50CB5A581D7DC798009D1C82 /* HKLayoutKit */ = {
			isa = PBXNativeTarget;
			buildConfigurationList = 50CB5A6B1D7DC798009D1C82 /* Build configuration list for PBXNativeTarget "HKLayoutKit" */;
			buildPhases = (
				50CB5A551D7DC798009D1C82 /* Sources */,
				50CB5A561D7DC798009D1C82 /* Frameworks */,
				50CB5A571D7DC798009D1C82 /* Resources */,
			);
			buildRules = (
			);
			dependencies = (
			);
			name = HKLayoutKit;
			productName = HKLayoutKit;
			productReference = 50CB5A591D7DC798009D1C82 /* HKLayoutKit.app */;
			productType = "com.apple.product-type.application";
		};
/* End PBXNativeTarget section */

/* Begin PBXProject section */
		50CB5A511D7DC798009D1C82 /* Project object */ = {
			isa = PBXProject;
			attributes = {
				LastSwiftUpdateCheck = 0730;
				LastUpgradeCheck = 0730;
				ORGANIZATIONNAME = mhk;
				TargetAttributes = {
					50CB5A581D7DC798009D1C82 = {
						CreatedOnToolsVersion = 7.3;
					};
				};
			};
			buildConfigurationList = 50CB5A541D7DC798009D1C82 /* Build configuration list for PBXProject "HKLayoutKit" */;
			compatibilityVersion = "Xcode 3.2";
			developmentRegion = English;
			hasScannedForEncodings = 0;
			knownRegions = (
				en,
				Base,
			);
			mainGroup = 50CB5A501D7DC798009D1C82;
			productRefGroup = 50CB5A5A1D7DC798009D1C82 /* Products */;
			projectDirPath = "";
			projectRoot = "";
			targets = (
				50CB5A581D7DC798009D1C82 /* HKLayoutKit */,
			);
		};
/* End PBXProject section */

/* Begin PBXResourcesBuildPhase section */
		50CB5A571D7DC798009D1C82 /* Resources */ = {
			isa = PBXResourcesBuildPhase;
			buildActionMask = 2147483647;
			files = (
				50CB5A671D7DC798009D1C82 /* LaunchScreen.storyboard in Resources */,
				50CB5A641D7DC798009D1C82 /* Assets.xcassets in Resources */,
				50CB5A621D7DC798009D1C82 /* Main.storyboard in Resources */,
			);
			runOnlyForDeploymentPostprocessing = 0;
		};
/* End PBXResourcesBuildPhase section */

/* Begin PBXSourcesBuildPhase section */
		50CB5A551D7DC798009D1C82 /* Sources */ = {
			isa = PBXSourcesBuildPhase;
			buildActionMask = 2147483647;
			files = (
				50CB5A5F1D7DC798009D1C82 /* ViewController.swift in Sources */,
				50CB5A5D1D7DC798009D1C82 /* AppDelegate.swift in Sources */,
			);
			runOnlyForDeploymentPostprocessing = 0;
		};
/* End PBXSourcesBuildPhase section */

/* Begin PBXVariantGroup section */
		50CB5A601D7DC798009D1C82 /* Main.storyboard */ = {
			isa = PBXVariantGroup;
			children = (
				50CB5A611D7DC798009D1C82 /* Base */,
			);
			name = Main.storyboard;
			sourceTree = "<group>";
		};
		50CB5A651D7DC798009D1C82 /* LaunchScreen.storyboard */ = {
			isa = PBXVariantGroup;
			children = (
				50CB5A661D7DC798009D1C82 /* Base */,
			);
			name = LaunchScreen.storyboard;
			sourceTree = "<group>";
		};
/* End PBXVariantGroup section */

/* Begin XCBuildConfiguration section */
		50CB5A691D7DC798009D1C82 /* Debug */ = {
			isa = XCBuildConfiguration;
			buildSettings = {
				ALWAYS_SEARCH_USER_PATHS = NO;
				CLANG_ANALYZER_NONNULL = YES;
				CLANG_CXX_LANGUAGE_STANDARD = "gnu++0x";
				CLANG_CXX_LIBRARY = "libc++";
				CLANG_ENABLE_MODULES = YES;
				CLANG_ENABLE_OBJC_ARC = YES;
				CLANG_WARN_BOOL_CONVERSION = YES;
				CLANG_WARN_CONSTANT_CONVERSION = YES;
				CLANG_WARN_DIRECT_OBJC_ISA_USAGE = YES_ERROR;
				CLANG_WARN_EMPTY_BODY = YES;
				CLANG_WARN_ENUM_CONVERSION = YES;
				CLANG_WARN_INT_CONVERSION = YES;
				CLANG_WARN_OBJC_ROOT_CLASS = YES_ERROR;
				CLANG_WARN_UNREACHABLE_CODE = YES;
				CLANG_WARN__DUPLICATE_METHOD_MATCH = YES;
				"CODE_SIGN_IDENTITY[sdk=iphoneos*]" = "iPhone Developer";
				COPY_PHASE_STRIP = NO;
				DEBUG_INFORMATION_FORMAT = dwarf;
				ENABLE_STRICT_OBJC_MSGSEND = YES;
				ENABLE_TESTABILITY = YES;
				GCC_C_LANGUAGE_STANDARD = gnu99;
				GCC_DYNAMIC_NO_PIC = NO;
				GCC_NO_COMMON_BLOCKS = YES;
				GCC_OPTIMIZATION_LEVEL = 0;
				GCC_PREPROCESSOR_DEFINITIONS = (
					"DEBUG=1",
					"$(inherited)",
				);
				GCC_WARN_64_TO_32_BIT_CONVERSION = YES;
				GCC_WARN_ABOUT_RETURN_TYPE = YES_ERROR;
				GCC_WARN_UNDECLARED_SELECTOR = YES;
				GCC_WARN_UNINITIALIZED_AUTOS = YES_AGGRESSIVE;
				GCC_WARN_UNUSED_FUNCTION = YES;
				GCC_WARN_UNUSED_VARIABLE = YES;
				IPHONEOS_DEPLOYMENT_TARGET = 9.3;
				MTL_ENABLE_DEBUG_INFO = YES;
				ONLY_ACTIVE_ARCH = YES;
				SDKROOT = iphoneos;
				SWIFT_OPTIMIZATION_LEVEL = "-Onone";
			};
			name = Debug;
		};
		50CB5A6A1D7DC798009D1C82 /* Release */ = {
			isa = XCBuildConfiguration;
			buildSettings = {
				ALWAYS_SEARCH_USER_PATHS = NO;
				CLANG_ANALYZER_NONNULL = YES;
				CLANG_CXX_LANGUAGE_STANDARD = "gnu++0x";
				CLANG_CXX_LIBRARY = "libc++";
				CLANG_ENABLE_MODULES = YES;
				CLANG_ENABLE_OBJC_ARC = YES;
				CLANG_WARN_BOOL_CONVERSION = YES;
				CLANG_WARN_CONSTANT_CONVERSION = YES;
				CLANG_WARN_DIRECT_OBJC_ISA_USAGE = YES_ERROR;
				CLANG_WARN_EMPTY_BODY = YES;
				CLANG_WARN_ENUM_CONVERSION = YES;
				CLANG_WARN_INT_CONVERSION = YES;
				CLANG_WARN_OBJC_ROOT_CLASS = YES_ERROR;
				CLANG_WARN_UNREACHABLE_CODE = YES;
				CLANG_WARN__DUPLICATE_METHOD_MATCH = YES;
				"CODE_SIGN_IDENTITY[sdk=iphoneos*]" = "iPhone Developer";
				COPY_PHASE_STRIP = NO;
				DEBUG_INFORMATION_FORMAT = "dwarf-with-dsym";
				ENABLE_NS_ASSERTIONS = NO;
				ENABLE_STRICT_OBJC_MSGSEND = YES;
				GCC_C_LANGUAGE_STANDARD = gnu99;
				GCC_NO_COMMON_BLOCKS = YES;
				GCC_WARN_64_TO_32_BIT_CONVERSION = YES;
				GCC_WARN_ABOUT_RETURN_TYPE = YES_ERROR;
				GCC_WARN_UNDECLARED_SELECTOR = YES;
				GCC_WARN_UNINITIALIZED_AUTOS = YES_AGGRESSIVE;
				GCC_WARN_UNUSED_FUNCTION = YES;
				GCC_WARN_UNUSED_VARIABLE = YES;
				IPHONEOS_DEPLOYMENT_TARGET = 9.3;
				MTL_ENABLE_DEBUG_INFO = NO;
				SDKROOT = iphoneos;
				VALIDATE_PRODUCT = YES;
			};
			name = Release;
		};
		50CB5A6C1D7DC798009D1C82 /* Debug */ = {
			isa = XCBuildConfiguration;
			buildSettings = {
				ASSETCATALOG_COMPILER_APPICON_NAME = AppIcon;
				INFOPLIST_FILE = HKLayoutKit/Info.plist;
				LD_RUNPATH_SEARCH_PATHS = "$(inherited) @executable_path/Frameworks";
				PRODUCT_BUNDLE_IDENTIFIER = com.mhk.ios.HKLayoutKit;
				PRODUCT_NAME = "$(TARGET_NAME)";
			};
			name = Debug;
		};
		50CB5A6D1D7DC798009D1C82 /* Release */ = {
			isa = XCBuildConfiguration;
			buildSettings = {
				ASSETCATALOG_COMPILER_APPICON_NAME = AppIcon;
				INFOPLIST_FILE = HKLayoutKit/Info.plist;
				LD_RUNPATH_SEARCH_PATHS = "$(inherited) @executable_path/Frameworks";
				PRODUCT_BUNDLE_IDENTIFIER = com.mhk.ios.HKLayoutKit;
				PRODUCT_NAME = "$(TARGET_NAME)";
			};
			name = Release;
		};
/* End XCBuildConfiguration section */

/* Begin XCConfigurationList section */
		50CB5A541D7DC798009D1C82 /* Build configuration list for PBXProject "HKLayoutKit" */ = {
			isa = XCConfigurationList;
			buildConfigurations = (
				50CB5A691D7DC798009D1C82 /* Debug */,
				50CB5A6A1D7DC798009D1C82 /* Release */,
			);
			defaultConfigurationIsVisible = 0;
			defaultConfigurationName = Release;
		};
		50CB5A6B1D7DC798009D1C82 /* Build configuration list for PBXNativeTarget "HKLayoutKit" */ = {
			isa = XCConfigurationList;
			buildConfigurations = (
				50CB5A6C1D7DC798009D1C82 /* Debug */,
				50CB5A6D1D7DC798009D1C82 /* Release */,
			);
			defaultConfigurationIsVisible = 0;
		};
/* End XCConfigurationList section */
	};
	rootObject = 50CB5A511D7DC798009D1C82 /* Project object */;
}
